// !$*UTF8*$!
{
	archiveVersion = 1;
	classes = {
	};
	objectVersion = 55;
	objects = {

/* Begin PBXBuildFile section */
		64DBC8B228D0A7A900091E49 /* AppDelegate.swift in Sources */ = {isa = PBXBuildFile; fileRef = 64DBC8B128D0A7A900091E49 /* AppDelegate.swift */; };
		64DBC8B428D0A7A900091E49 /* SceneDelegate.swift in Sources */ = {isa = PBXBuildFile; fileRef = 64DBC8B328D0A7A900091E49 /* SceneDelegate.swift */; };
		64DBC8BB28D0A7AA00091E49 /* Assets.xcassets in Resources */ = {isa = PBXBuildFile; fileRef = 64DBC8BA28D0A7AA00091E49 /* Assets.xcassets */; };
		64DBC8BE28D0A7AA00091E49 /* LaunchScreen.storyboard in Resources */ = {isa = PBXBuildFile; fileRef = 64DBC8BC28D0A7AA00091E49 /* LaunchScreen.storyboard */; };
		64DBC8CA28D351B100091E49 /* TabBarController.swift in Sources */ = {isa = PBXBuildFile; fileRef = 64DBC8C928D351B100091E49 /* TabBarController.swift */; };
		DE11FD3828D4B41700B23053 /* CozinhaViewController.swift in Sources */ = {isa = PBXBuildFile; fileRef = DE11FD3728D4B41700B23053 /* CozinhaViewController.swift */; };
		DE11FD5228D4C58F00B23053 /* Epilogue-Bold.ttf in Resources */ = {isa = PBXBuildFile; fileRef = DE11FD4028D4C58E00B23053 /* Epilogue-Bold.ttf */; };
		DE11FD5328D4C58F00B23053 /* Epilogue-Regular.ttf in Resources */ = {isa = PBXBuildFile; fileRef = DE11FD4128D4C58E00B23053 /* Epilogue-Regular.ttf */; };
		DE11FD5428D4C58F00B23053 /* Epilogue-LightItalic.ttf in Resources */ = {isa = PBXBuildFile; fileRef = DE11FD4228D4C58E00B23053 /* Epilogue-LightItalic.ttf */; };
		DE11FD5528D4C58F00B23053 /* Epilogue-ExtraBoldItalic.ttf in Resources */ = {isa = PBXBuildFile; fileRef = DE11FD4328D4C58F00B23053 /* Epilogue-ExtraBoldItalic.ttf */; };
		DE11FD5628D4C58F00B23053 /* Epilogue-Light.ttf in Resources */ = {isa = PBXBuildFile; fileRef = DE11FD4428D4C58F00B23053 /* Epilogue-Light.ttf */; };
		DE11FD5728D4C58F00B23053 /* Epilogue-Black.ttf in Resources */ = {isa = PBXBuildFile; fileRef = DE11FD4528D4C58F00B23053 /* Epilogue-Black.ttf */; };
		DE11FD5828D4C58F00B23053 /* Epilogue-BlackItalic.ttf in Resources */ = {isa = PBXBuildFile; fileRef = DE11FD4628D4C58F00B23053 /* Epilogue-BlackItalic.ttf */; };
		DE11FD5928D4C58F00B23053 /* Epilogue-SemiBoldItalic.ttf in Resources */ = {isa = PBXBuildFile; fileRef = DE11FD4728D4C58F00B23053 /* Epilogue-SemiBoldItalic.ttf */; };
		DE11FD5A28D4C58F00B23053 /* Epilogue-ExtraLightItalic.ttf in Resources */ = {isa = PBXBuildFile; fileRef = DE11FD4828D4C58F00B23053 /* Epilogue-ExtraLightItalic.ttf */; };
		DE11FD5B28D4C58F00B23053 /* Epilogue-SemiBold.ttf in Resources */ = {isa = PBXBuildFile; fileRef = DE11FD4928D4C58F00B23053 /* Epilogue-SemiBold.ttf */; };
		DE11FD5C28D4C58F00B23053 /* Epilogue-Medium.ttf in Resources */ = {isa = PBXBuildFile; fileRef = DE11FD4A28D4C58F00B23053 /* Epilogue-Medium.ttf */; };
		DE11FD5D28D4C58F00B23053 /* Epilogue-Italic.ttf in Resources */ = {isa = PBXBuildFile; fileRef = DE11FD4B28D4C58F00B23053 /* Epilogue-Italic.ttf */; };
		DE11FD5E28D4C58F00B23053 /* Epilogue-Thin.ttf in Resources */ = {isa = PBXBuildFile; fileRef = DE11FD4C28D4C58F00B23053 /* Epilogue-Thin.ttf */; };
		DE11FD5F28D4C58F00B23053 /* Epilogue-MediumItalic.ttf in Resources */ = {isa = PBXBuildFile; fileRef = DE11FD4D28D4C58F00B23053 /* Epilogue-MediumItalic.ttf */; };
		DE11FD6028D4C58F00B23053 /* Epilogue-ExtraLight.ttf in Resources */ = {isa = PBXBuildFile; fileRef = DE11FD4E28D4C58F00B23053 /* Epilogue-ExtraLight.ttf */; };
		DE11FD6128D4C58F00B23053 /* Epilogue-ExtraBold.ttf in Resources */ = {isa = PBXBuildFile; fileRef = DE11FD4F28D4C58F00B23053 /* Epilogue-ExtraBold.ttf */; };
		DE11FD6228D4C58F00B23053 /* Epilogue-ThinItalic.ttf in Resources */ = {isa = PBXBuildFile; fileRef = DE11FD5028D4C58F00B23053 /* Epilogue-ThinItalic.ttf */; };
		DE11FD6328D4C58F00B23053 /* Epilogue-BoldItalic.ttf in Resources */ = {isa = PBXBuildFile; fileRef = DE11FD5128D4C58F00B23053 /* Epilogue-BoldItalic.ttf */; };
		DE11FD6A28D4E0A400B23053 /* CozinhaCollectionViewCell.swift in Sources */ = {isa = PBXBuildFile; fileRef = DE11FD6928D4E0A400B23053 /* CozinhaCollectionViewCell.swift */; };
/* End PBXBuildFile section */

/* Begin PBXFileReference section */
		64DBC8AE28D0A7A900091E49 /* EncheoPapo.app */ = {isa = PBXFileReference; explicitFileType = wrapper.application; includeInIndex = 0; path = EncheoPapo.app; sourceTree = BUILT_PRODUCTS_DIR; };
		64DBC8B128D0A7A900091E49 /* AppDelegate.swift */ = {isa = PBXFileReference; lastKnownFileType = sourcecode.swift; path = AppDelegate.swift; sourceTree = "<group>"; };
		64DBC8B328D0A7A900091E49 /* SceneDelegate.swift */ = {isa = PBXFileReference; lastKnownFileType = sourcecode.swift; path = SceneDelegate.swift; sourceTree = "<group>"; };
		64DBC8BA28D0A7AA00091E49 /* Assets.xcassets */ = {isa = PBXFileReference; lastKnownFileType = folder.assetcatalog; path = Assets.xcassets; sourceTree = "<group>"; };
		64DBC8BD28D0A7AA00091E49 /* Base */ = {isa = PBXFileReference; lastKnownFileType = file.storyboard; name = Base; path = Base.lproj/LaunchScreen.storyboard; sourceTree = "<group>"; };
		64DBC8BF28D0A7AA00091E49 /* Info.plist */ = {isa = PBXFileReference; lastKnownFileType = text.plist.xml; path = Info.plist; sourceTree = "<group>"; };
		64DBC8C928D351B100091E49 /* TabBarController.swift */ = {isa = PBXFileReference; lastKnownFileType = sourcecode.swift; path = TabBarController.swift; sourceTree = "<group>"; };
		DE11FD3728D4B41700B23053 /* CozinhaViewController.swift */ = {isa = PBXFileReference; lastKnownFileType = sourcecode.swift; path = CozinhaViewController.swift; sourceTree = "<group>"; };
		DE11FD4028D4C58E00B23053 /* Epilogue-Bold.ttf */ = {isa = PBXFileReference; lastKnownFileType = file; path = "Epilogue-Bold.ttf"; sourceTree = "<group>"; };
		DE11FD4128D4C58E00B23053 /* Epilogue-Regular.ttf */ = {isa = PBXFileReference; lastKnownFileType = file; path = "Epilogue-Regular.ttf"; sourceTree = "<group>"; };
		DE11FD4228D4C58E00B23053 /* Epilogue-LightItalic.ttf */ = {isa = PBXFileReference; lastKnownFileType = file; path = "Epilogue-LightItalic.ttf"; sourceTree = "<group>"; };
		DE11FD4328D4C58F00B23053 /* Epilogue-ExtraBoldItalic.ttf */ = {isa = PBXFileReference; lastKnownFileType = file; path = "Epilogue-ExtraBoldItalic.ttf"; sourceTree = "<group>"; };
		DE11FD4428D4C58F00B23053 /* Epilogue-Light.ttf */ = {isa = PBXFileReference; lastKnownFileType = file; path = "Epilogue-Light.ttf"; sourceTree = "<group>"; };
		DE11FD4528D4C58F00B23053 /* Epilogue-Black.ttf */ = {isa = PBXFileReference; lastKnownFileType = file; path = "Epilogue-Black.ttf"; sourceTree = "<group>"; };
		DE11FD4628D4C58F00B23053 /* Epilogue-BlackItalic.ttf */ = {isa = PBXFileReference; lastKnownFileType = file; path = "Epilogue-BlackItalic.ttf"; sourceTree = "<group>"; };
		DE11FD4728D4C58F00B23053 /* Epilogue-SemiBoldItalic.ttf */ = {isa = PBXFileReference; lastKnownFileType = file; path = "Epilogue-SemiBoldItalic.ttf"; sourceTree = "<group>"; };
		DE11FD4828D4C58F00B23053 /* Epilogue-ExtraLightItalic.ttf */ = {isa = PBXFileReference; lastKnownFileType = file; path = "Epilogue-ExtraLightItalic.ttf"; sourceTree = "<group>"; };
		DE11FD4928D4C58F00B23053 /* Epilogue-SemiBold.ttf */ = {isa = PBXFileReference; lastKnownFileType = file; path = "Epilogue-SemiBold.ttf"; sourceTree = "<group>"; };
		DE11FD4A28D4C58F00B23053 /* Epilogue-Medium.ttf */ = {isa = PBXFileReference; lastKnownFileType = file; path = "Epilogue-Medium.ttf"; sourceTree = "<group>"; };
		DE11FD4B28D4C58F00B23053 /* Epilogue-Italic.ttf */ = {isa = PBXFileReference; lastKnownFileType = file; path = "Epilogue-Italic.ttf"; sourceTree = "<group>"; };
		DE11FD4C28D4C58F00B23053 /* Epilogue-Thin.ttf */ = {isa = PBXFileReference; lastKnownFileType = file; path = "Epilogue-Thin.ttf"; sourceTree = "<group>"; };
		DE11FD4D28D4C58F00B23053 /* Epilogue-MediumItalic.ttf */ = {isa = PBXFileReference; lastKnownFileType = file; path = "Epilogue-MediumItalic.ttf"; sourceTree = "<group>"; };
		DE11FD4E28D4C58F00B23053 /* Epilogue-ExtraLight.ttf */ = {isa = PBXFileReference; lastKnownFileType = file; path = "Epilogue-ExtraLight.ttf"; sourceTree = "<group>"; };
		DE11FD4F28D4C58F00B23053 /* Epilogue-ExtraBold.ttf */ = {isa = PBXFileReference; lastKnownFileType = file; path = "Epilogue-ExtraBold.ttf"; sourceTree = "<group>"; };
		DE11FD5028D4C58F00B23053 /* Epilogue-ThinItalic.ttf */ = {isa = PBXFileReference; lastKnownFileType = file; path = "Epilogue-ThinItalic.ttf"; sourceTree = "<group>"; };
		DE11FD5128D4C58F00B23053 /* Epilogue-BoldItalic.ttf */ = {isa = PBXFileReference; lastKnownFileType = file; path = "Epilogue-BoldItalic.ttf"; sourceTree = "<group>"; };
		DE11FD6928D4E0A400B23053 /* CozinhaCollectionViewCell.swift */ = {isa = PBXFileReference; lastKnownFileType = sourcecode.swift; path = CozinhaCollectionViewCell.swift; sourceTree = "<group>"; };
/* End PBXFileReference section */

/* Begin PBXFrameworksBuildPhase section */
		64DBC8AB28D0A7A900091E49 /* Frameworks */ = {
			isa = PBXFrameworksBuildPhase;
			buildActionMask = 2147483647;
			files = (
			);
			runOnlyForDeploymentPostprocessing = 0;
		};
/* End PBXFrameworksBuildPhase section */

/* Begin PBXGroup section */
		64DBC8A528D0A7A900091E49 = {
			isa = PBXGroup;
			children = (
				64DBC8B028D0A7A900091E49 /* EncheoPapo */,
				64DBC8AF28D0A7A900091E49 /* Products */,
			);
			sourceTree = "<group>";
		};
		64DBC8AF28D0A7A900091E49 /* Products */ = {
			isa = PBXGroup;
			children = (
				64DBC8AE28D0A7A900091E49 /* EncheoPapo.app */,
			);
			name = Products;
			sourceTree = "<group>";
		};
		64DBC8B028D0A7A900091E49 /* EncheoPapo */ = {
			isa = PBXGroup;
			children = (
				DE11FD6428D4C59500B23053 /* Fonts */,
				64DBC8B128D0A7A900091E49 /* AppDelegate.swift */,
				64DBC8B328D0A7A900091E49 /* SceneDelegate.swift */,
				64DBC8C928D351B100091E49 /* TabBarController.swift */,
				DE11FD3728D4B41700B23053 /* CozinhaViewController.swift */,
				DE11FD6928D4E0A400B23053 /* CozinhaCollectionViewCell.swift */,
				64DBC8BA28D0A7AA00091E49 /* Assets.xcassets */,
				64DBC8BC28D0A7AA00091E49 /* LaunchScreen.storyboard */,
				64DBC8BF28D0A7AA00091E49 /* Info.plist */,
			);
			path = EncheoPapo;
			sourceTree = "<group>";
		};
		DE11FD6428D4C59500B23053 /* Fonts */ = {
			isa = PBXGroup;
			children = (
				DE11FD4528D4C58F00B23053 /* Epilogue-Black.ttf */,
				DE11FD4628D4C58F00B23053 /* Epilogue-BlackItalic.ttf */,
				DE11FD4028D4C58E00B23053 /* Epilogue-Bold.ttf */,
				DE11FD5128D4C58F00B23053 /* Epilogue-BoldItalic.ttf */,
				DE11FD4F28D4C58F00B23053 /* Epilogue-ExtraBold.ttf */,
				DE11FD4328D4C58F00B23053 /* Epilogue-ExtraBoldItalic.ttf */,
				DE11FD4E28D4C58F00B23053 /* Epilogue-ExtraLight.ttf */,
				DE11FD4828D4C58F00B23053 /* Epilogue-ExtraLightItalic.ttf */,
				DE11FD4B28D4C58F00B23053 /* Epilogue-Italic.ttf */,
				DE11FD4428D4C58F00B23053 /* Epilogue-Light.ttf */,
				DE11FD4228D4C58E00B23053 /* Epilogue-LightItalic.ttf */,
				DE11FD4A28D4C58F00B23053 /* Epilogue-Medium.ttf */,
				DE11FD4D28D4C58F00B23053 /* Epilogue-MediumItalic.ttf */,
				DE11FD4128D4C58E00B23053 /* Epilogue-Regular.ttf */,
				DE11FD4928D4C58F00B23053 /* Epilogue-SemiBold.ttf */,
				DE11FD4728D4C58F00B23053 /* Epilogue-SemiBoldItalic.ttf */,
				DE11FD4C28D4C58F00B23053 /* Epilogue-Thin.ttf */,
				DE11FD5028D4C58F00B23053 /* Epilogue-ThinItalic.ttf */,
			);
			path = Fonts;
			sourceTree = "<group>";
		};
/* End PBXGroup section */

/* Begin PBXNativeTarget section */
		64DBC8AD28D0A7A900091E49 /* EncheoPapo */ = {
			isa = PBXNativeTarget;
			buildConfigurationList = 64DBC8C228D0A7AA00091E49 /* Build configuration list for PBXNativeTarget "EncheoPapo" */;
			buildPhases = (
				64DBC8AA28D0A7A900091E49 /* Sources */,
				64DBC8AB28D0A7A900091E49 /* Frameworks */,
				64DBC8AC28D0A7A900091E49 /* Resources */,
			);
			buildRules = (
			);
			dependencies = (
			);
			name = EncheoPapo;
			productName = EncheoPapo;
			productReference = 64DBC8AE28D0A7A900091E49 /* EncheoPapo.app */;
			productType = "com.apple.product-type.application";
		};
/* End PBXNativeTarget section */

/* Begin PBXProject section */
		64DBC8A628D0A7A900091E49 /* Project object */ = {
			isa = PBXProject;
			attributes = {
				BuildIndependentTargetsInParallel = 1;
				LastSwiftUpdateCheck = 1340;
				LastUpgradeCheck = 1340;
				TargetAttributes = {
					64DBC8AD28D0A7A900091E49 = {
						CreatedOnToolsVersion = 13.4.1;
					};
				};
			};
			buildConfigurationList = 64DBC8A928D0A7A900091E49 /* Build configuration list for PBXProject "EncheoPapo" */;
			compatibilityVersion = "Xcode 13.0";
			developmentRegion = en;
			hasScannedForEncodings = 0;
			knownRegions = (
				en,
				Base,
			);
			mainGroup = 64DBC8A528D0A7A900091E49;
			productRefGroup = 64DBC8AF28D0A7A900091E49 /* Products */;
			projectDirPath = "";
			projectRoot = "";
			targets = (
				64DBC8AD28D0A7A900091E49 /* EncheoPapo */,
			);
		};
/* End PBXProject section */

/* Begin PBXResourcesBuildPhase section */
		64DBC8AC28D0A7A900091E49 /* Resources */ = {
			isa = PBXResourcesBuildPhase;
			buildActionMask = 2147483647;
			files = (
				DE11FD5828D4C58F00B23053 /* Epilogue-BlackItalic.ttf in Resources */,
				DE11FD5528D4C58F00B23053 /* Epilogue-ExtraBoldItalic.ttf in Resources */,
				64DBC8BE28D0A7AA00091E49 /* LaunchScreen.storyboard in Resources */,
				DE11FD5F28D4C58F00B23053 /* Epilogue-MediumItalic.ttf in Resources */,
				DE11FD6228D4C58F00B23053 /* Epilogue-ThinItalic.ttf in Resources */,
				DE11FD5B28D4C58F00B23053 /* Epilogue-SemiBold.ttf in Resources */,
				DE11FD5928D4C58F00B23053 /* Epilogue-SemiBoldItalic.ttf in Resources */,
				DE11FD5728D4C58F00B23053 /* Epilogue-Black.ttf in Resources */,
				DE11FD5E28D4C58F00B23053 /* Epilogue-Thin.ttf in Resources */,
				DE11FD6128D4C58F00B23053 /* Epilogue-ExtraBold.ttf in Resources */,
				DE11FD5A28D4C58F00B23053 /* Epilogue-ExtraLightItalic.ttf in Resources */,
				DE11FD5328D4C58F00B23053 /* Epilogue-Regular.ttf in Resources */,
				DE11FD6028D4C58F00B23053 /* Epilogue-ExtraLight.ttf in Resources */,
				DE11FD6328D4C58F00B23053 /* Epilogue-BoldItalic.ttf in Resources */,
				DE11FD5D28D4C58F00B23053 /* Epilogue-Italic.ttf in Resources */,
				DE11FD5428D4C58F00B23053 /* Epilogue-LightItalic.ttf in Resources */,
				64DBC8BB28D0A7AA00091E49 /* Assets.xcassets in Resources */,
				DE11FD5228D4C58F00B23053 /* Epilogue-Bold.ttf in Resources */,
				DE11FD5C28D4C58F00B23053 /* Epilogue-Medium.ttf in Resources */,
				DE11FD5628D4C58F00B23053 /* Epilogue-Light.ttf in Resources */,
			);
			runOnlyForDeploymentPostprocessing = 0;
		};
/* End PBXResourcesBuildPhase section */

/* Begin PBXSourcesBuildPhase section */
		64DBC8AA28D0A7A900091E49 /* Sources */ = {
			isa = PBXSourcesBuildPhase;
			buildActionMask = 2147483647;
			files = (
				64DBC8CA28D351B100091E49 /* TabBarController.swift in Sources */,
				DE11FD3828D4B41700B23053 /* CozinhaViewController.swift in Sources */,
				64DBC8B228D0A7A900091E49 /* AppDelegate.swift in Sources */,
				DE11FD6A28D4E0A400B23053 /* CozinhaCollectionViewCell.swift in Sources */,
				64DBC8B428D0A7A900091E49 /* SceneDelegate.swift in Sources */,
			);
			runOnlyForDeploymentPostprocessing = 0;
		};
/* End PBXSourcesBuildPhase section */

/* Begin PBXVariantGroup section */
		64DBC8BC28D0A7AA00091E49 /* LaunchScreen.storyboard */ = {
			isa = PBXVariantGroup;
			children = (
				64DBC8BD28D0A7AA00091E49 /* Base */,
			);
			name = LaunchScreen.storyboard;
			sourceTree = "<group>";
		};
/* End PBXVariantGroup section */

/* Begin XCBuildConfiguration section */
		64DBC8C028D0A7AA00091E49 /* Debug */ = {
			isa = XCBuildConfiguration;
			buildSettings = {
				ALWAYS_SEARCH_USER_PATHS = NO;
				CLANG_ANALYZER_NONNULL = YES;
				CLANG_ANALYZER_NUMBER_OBJECT_CONVERSION = YES_AGGRESSIVE;
				CLANG_CXX_LANGUAGE_STANDARD = "gnu++17";
				CLANG_ENABLE_MODULES = YES;
				CLANG_ENABLE_OBJC_ARC = YES;
				CLANG_ENABLE_OBJC_WEAK = YES;
				CLANG_WARN_BLOCK_CAPTURE_AUTORELEASING = YES;
				CLANG_WARN_BOOL_CONVERSION = YES;
				CLANG_WARN_COMMA = YES;
				CLANG_WARN_CONSTANT_CONVERSION = YES;
				CLANG_WARN_DEPRECATED_OBJC_IMPLEMENTATIONS = YES;
				CLANG_WARN_DIRECT_OBJC_ISA_USAGE = YES_ERROR;
				CLANG_WARN_DOCUMENTATION_COMMENTS = YES;
				CLANG_WARN_EMPTY_BODY = YES;
				CLANG_WARN_ENUM_CONVERSION = YES;
				CLANG_WARN_INFINITE_RECURSION = YES;
				CLANG_WARN_INT_CONVERSION = YES;
				CLANG_WARN_NON_LITERAL_NULL_CONVERSION = YES;
				CLANG_WARN_OBJC_IMPLICIT_RETAIN_SELF = YES;
				CLANG_WARN_OBJC_LITERAL_CONVERSION = YES;
				CLANG_WARN_OBJC_ROOT_CLASS = YES_ERROR;
				CLANG_WARN_QUOTED_INCLUDE_IN_FRAMEWORK_HEADER = YES;
				CLANG_WARN_RANGE_LOOP_ANALYSIS = YES;
				CLANG_WARN_STRICT_PROTOTYPES = YES;
				CLANG_WARN_SUSPICIOUS_MOVE = YES;
				CLANG_WARN_UNGUARDED_AVAILABILITY = YES_AGGRESSIVE;
				CLANG_WARN_UNREACHABLE_CODE = YES;
				CLANG_WARN__DUPLICATE_METHOD_MATCH = YES;
				COPY_PHASE_STRIP = NO;
				DEBUG_INFORMATION_FORMAT = dwarf;
				ENABLE_STRICT_OBJC_MSGSEND = YES;
				ENABLE_TESTABILITY = YES;
				GCC_C_LANGUAGE_STANDARD = gnu11;
				GCC_DYNAMIC_NO_PIC = NO;
				GCC_NO_COMMON_BLOCKS = YES;
				GCC_OPTIMIZATION_LEVEL = 0;
				GCC_PREPROCESSOR_DEFINITIONS = (
					"DEBUG=1",
					"$(inherited)",
				);
				GCC_WARN_64_TO_32_BIT_CONVERSION = YES;
				GCC_WARN_ABOUT_RETURN_TYPE = YES_ERROR;
				GCC_WARN_UNDECLARED_SELECTOR = YES;
				GCC_WARN_UNINITIALIZED_AUTOS = YES_AGGRESSIVE;
				GCC_WARN_UNUSED_FUNCTION = YES;
				GCC_WARN_UNUSED_VARIABLE = YES;
				IPHONEOS_DEPLOYMENT_TARGET = 15.5;
				MTL_ENABLE_DEBUG_INFO = INCLUDE_SOURCE;
				MTL_FAST_MATH = YES;
				ONLY_ACTIVE_ARCH = YES;
				SDKROOT = iphoneos;
				SWIFT_ACTIVE_COMPILATION_CONDITIONS = DEBUG;
				SWIFT_OPTIMIZATION_LEVEL = "-Onone";
			};
			name = Debug;
		};
		64DBC8C128D0A7AA00091E49 /* Release */ = {
			isa = XCBuildConfiguration;
			buildSettings = {
				ALWAYS_SEARCH_USER_PATHS = NO;
				CLANG_ANALYZER_NONNULL = YES;
				CLANG_ANALYZER_NUMBER_OBJECT_CONVERSION = YES_AGGRESSIVE;
				CLANG_CXX_LANGUAGE_STANDARD = "gnu++17";
				CLANG_ENABLE_MODULES = YES;
				CLANG_ENABLE_OBJC_ARC = YES;
				CLANG_ENABLE_OBJC_WEAK = YES;
				CLANG_WARN_BLOCK_CAPTURE_AUTORELEASING = YES;
				CLANG_WARN_BOOL_CONVERSION = YES;
				CLANG_WARN_COMMA = YES;
				CLANG_WARN_CONSTANT_CONVERSION = YES;
				CLANG_WARN_DEPRECATED_OBJC_IMPLEMENTATIONS = YES;
				CLANG_WARN_DIRECT_OBJC_ISA_USAGE = YES_ERROR;
				CLANG_WARN_DOCUMENTATION_COMMENTS = YES;
				CLANG_WARN_EMPTY_BODY = YES;
				CLANG_WARN_ENUM_CONVERSION = YES;
				CLANG_WARN_INFINITE_RECURSION = YES;
				CLANG_WARN_INT_CONVERSION = YES;
				CLANG_WARN_NON_LITERAL_NULL_CONVERSION = YES;
				CLANG_WARN_OBJC_IMPLICIT_RETAIN_SELF = YES;
				CLANG_WARN_OBJC_LITERAL_CONVERSION = YES;
				CLANG_WARN_OBJC_ROOT_CLASS = YES_ERROR;
				CLANG_WARN_QUOTED_INCLUDE_IN_FRAMEWORK_HEADER = YES;
				CLANG_WARN_RANGE_LOOP_ANALYSIS = YES;
				CLANG_WARN_STRICT_PROTOTYPES = YES;
				CLANG_WARN_SUSPICIOUS_MOVE = YES;
				CLANG_WARN_UNGUARDED_AVAILABILITY = YES_AGGRESSIVE;
				CLANG_WARN_UNREACHABLE_CODE = YES;
				CLANG_WARN__DUPLICATE_METHOD_MATCH = YES;
				COPY_PHASE_STRIP = NO;
				DEBUG_INFORMATION_FORMAT = "dwarf-with-dsym";
				ENABLE_NS_ASSERTIONS = NO;
				ENABLE_STRICT_OBJC_MSGSEND = YES;
				GCC_C_LANGUAGE_STANDARD = gnu11;
				GCC_NO_COMMON_BLOCKS = YES;
				GCC_WARN_64_TO_32_BIT_CONVERSION = YES;
				GCC_WARN_ABOUT_RETURN_TYPE = YES_ERROR;
				GCC_WARN_UNDECLARED_SELECTOR = YES;
				GCC_WARN_UNINITIALIZED_AUTOS = YES_AGGRESSIVE;
				GCC_WARN_UNUSED_FUNCTION = YES;
				GCC_WARN_UNUSED_VARIABLE = YES;
				IPHONEOS_DEPLOYMENT_TARGET = 15.5;
				MTL_ENABLE_DEBUG_INFO = NO;
				MTL_FAST_MATH = YES;
				SDKROOT = iphoneos;
				SWIFT_COMPILATION_MODE = wholemodule;
				SWIFT_OPTIMIZATION_LEVEL = "-O";
				VALIDATE_PRODUCT = YES;
			};
			name = Release;
		};
		64DBC8C328D0A7AA00091E49 /* Debug */ = {
			isa = XCBuildConfiguration;
			buildSettings = {
				ASSETCATALOG_COMPILER_APPICON_NAME = AppIcon;
				ASSETCATALOG_COMPILER_GLOBAL_ACCENT_COLOR_NAME = AccentColor;
				CODE_SIGN_STYLE = Automatic;
				CURRENT_PROJECT_VERSION = 1;
				DEVELOPMENT_TEAM = 655JABMTL3;
				GENERATE_INFOPLIST_FILE = YES;
				INFOPLIST_FILE = EncheoPapo/Info.plist;
				INFOPLIST_KEY_UIApplicationSupportsIndirectInputEvents = YES;
				INFOPLIST_KEY_UILaunchStoryboardName = LaunchScreen;
				INFOPLIST_KEY_UISupportedInterfaceOrientations_iPad = "UIInterfaceOrientationPortrait UIInterfaceOrientationPortraitUpsideDown UIInterfaceOrientationLandscapeLeft UIInterfaceOrientationLandscapeRight";
				INFOPLIST_KEY_UISupportedInterfaceOrientations_iPhone = "UIInterfaceOrientationPortrait UIInterfaceOrientationLandscapeLeft UIInterfaceOrientationLandscapeRight";
				LD_RUNPATH_SEARCH_PATHS = (
					"$(inherited)",
					"@executable_path/Frameworks",
				);
				MARKETING_VERSION = 1.0;
				PRODUCT_BUNDLE_IDENTIFIER = br.rapha.projects.EncheoPapo;
				PRODUCT_NAME = "$(TARGET_NAME)";
				SWIFT_EMIT_LOC_STRINGS = YES;
				SWIFT_VERSION = 5.0;
				TARGETED_DEVICE_FAMILY = "1,2";
			};
			name = Debug;
		};
		64DBC8C428D0A7AA00091E49 /* Release */ = {
			isa = XCBuildConfiguration;
			buildSettings = {
				ASSETCATALOG_COMPILER_APPICON_NAME = AppIcon;
				ASSETCATALOG_COMPILER_GLOBAL_ACCENT_COLOR_NAME = AccentColor;
				CODE_SIGN_STYLE = Automatic;
				CURRENT_PROJECT_VERSION = 1;
				DEVELOPMENT_TEAM = 655JABMTL3;
				GENERATE_INFOPLIST_FILE = YES;
				INFOPLIST_FILE = EncheoPapo/Info.plist;
				INFOPLIST_KEY_UIApplicationSupportsIndirectInputEvents = YES;
				INFOPLIST_KEY_UILaunchStoryboardName = LaunchScreen;
				INFOPLIST_KEY_UISupportedInterfaceOrientations_iPad = "UIInterfaceOrientationPortrait UIInterfaceOrientationPortraitUpsideDown UIInterfaceOrientationLandscapeLeft UIInterfaceOrientationLandscapeRight";
				INFOPLIST_KEY_UISupportedInterfaceOrientations_iPhone = "UIInterfaceOrientationPortrait UIInterfaceOrientationLandscapeLeft UIInterfaceOrientationLandscapeRight";
				LD_RUNPATH_SEARCH_PATHS = (
					"$(inherited)",
					"@executable_path/Frameworks",
				);
				MARKETING_VERSION = 1.0;
				PRODUCT_BUNDLE_IDENTIFIER = br.rapha.projects.EncheoPapo;
				PRODUCT_NAME = "$(TARGET_NAME)";
				SWIFT_EMIT_LOC_STRINGS = YES;
				SWIFT_VERSION = 5.0;
				TARGETED_DEVICE_FAMILY = "1,2";
			};
			name = Release;
		};
/* End XCBuildConfiguration section */

/* Begin XCConfigurationList section */
		64DBC8A928D0A7A900091E49 /* Build configuration list for PBXProject "EncheoPapo" */ = {
			isa = XCConfigurationList;
			buildConfigurations = (
				64DBC8C028D0A7AA00091E49 /* Debug */,
				64DBC8C128D0A7AA00091E49 /* Release */,
			);
			defaultConfigurationIsVisible = 0;
			defaultConfigurationName = Release;
		};
		64DBC8C228D0A7AA00091E49 /* Build configuration list for PBXNativeTarget "EncheoPapo" */ = {
			isa = XCConfigurationList;
			buildConfigurations = (
				64DBC8C328D0A7AA00091E49 /* Debug */,
				64DBC8C428D0A7AA00091E49 /* Release */,
			);
			defaultConfigurationIsVisible = 0;
			defaultConfigurationName = Release;
		};
/* End XCConfigurationList section */
	};
	rootObject = 64DBC8A628D0A7A900091E49 /* Project object */;
}
